
Microsoft Visual Studio Solution File, Format Version 12.00
# Visual Studio Version 17
VisualStudioVersion = 17.9.34607.119
MinimumVisualStudioVersion = 10.0.40219.1
Project("{FAE04EC0-301F-11D3-BF4B-00C04F79EFBC}") = "Fricks", "Fricks\Fricks.csproj", "{F7D39CD5-3950-4BAE-97D1-6F54A5D51B8A}"
EndProject
Project("{FAE04EC0-301F-11D3-BF4B-00C04F79EFBC}") = "Fricks.Service", "Fricks.Service\Fricks.Service.csproj", "{55D02E2D-E1D7-4CF1-9952-8811649CF94D}"
EndProject
Project("{FAE04EC0-301F-11D3-BF4B-00C04F79EFBC}") = "Fricks.Repository", "Fricks.Repository\Fricks.Repository.csproj", "{3041F045-F86D-476F-AB86-0F76A30A830B}"
EndProject
Global
	GlobalSection(SolutionConfigurationPlatforms) = preSolution
		Debug|Any CPU = Debug|Any CPU
		Release|Any CPU = Release|Any CPU
	EndGlobalSection
	GlobalSection(ProjectConfigurationPlatforms) = postSolution
		{F7D39CD5-3950-4BAE-97D1-6F54A5D51B8A}.Debug|Any CPU.ActiveCfg = Debug|Any CPU
		{F7D39CD5-3950-4BAE-97D1-6F54A5D51B8A}.Debug|Any CPU.Build.0 = Debug|Any CPU
		{F7D39CD5-3950-4BAE-97D1-6F54A5D51B8A}.Release|Any CPU.ActiveCfg = Release|Any CPU
		{F7D39CD5-3950-4BAE-97D1-6F54A5D51B8A}.Release|Any CPU.Build.0 = Release|Any CPU
		{55D02E2D-E1D7-4CF1-9952-8811649CF94D}.Debug|Any CPU.ActiveCfg = Debug|Any CPU
		{55D02E2D-E1D7-4CF1-9952-8811649CF94D}.Debug|Any CPU.Build.0 = Debug|Any CPU
		{55D02E2D-E1D7-4CF1-9952-8811649CF94D}.Release|Any CPU.ActiveCfg = Release|Any CPU
		{55D02E2D-E1D7-4CF1-9952-8811649CF94D}.Release|Any CPU.Build.0 = Release|Any CPU
		{3041F045-F86D-476F-AB86-0F76A30A830B}.Debug|Any CPU.ActiveCfg = Debug|Any CPU
		{3041F045-F86D-476F-AB86-0F76A30A830B}.Debug|Any CPU.Build.0 = Debug|Any CPU
		{3041F045-F86D-476F-AB86-0F76A30A830B}.Release|Any CPU.ActiveCfg = Release|Any CPU
		{3041F045-F86D-476F-AB86-0F76A30A830B}.Release|Any CPU.Build.0 = Release|Any CPU
	EndGlobalSection
	GlobalSection(SolutionProperties) = preSolution
		HideSolutionNode = FALSE
	EndGlobalSection
	GlobalSection(ExtensibilityGlobals) = postSolution
		SolutionGuid = {388620BB-FB56-40D7-A2BD-B373A57BC407}
	EndGlobalSection
EndGlobal
